<?xml version="1.0" encoding="utf-8"?>
<Project ToolsVersion="4.0" xmlns="http://schemas.microsoft.com/developer/msbuild/2003">
  <ItemGroup>
    <Filter Include="common">
      <UniqueIdentifier>{d8c2b9fc-0b86-43f0-a5e4-1e7e9b733a0b}</UniqueIdentifier>
    </Filter>
    <Filter Include="source">
      <UniqueIdentifier>{a0c04db9-9b42-416f-a3ac-402dad925207}</UniqueIdentifier>
    </Filter>
    <Filter Include="source\WorldServer">
      <UniqueIdentifier>{3f53c315-0d6c-4ccb-9498-47e7e2cee93e}</UniqueIdentifier>
    </Filter>
    <Filter Include="common\Packets">
      <UniqueIdentifier>{48d1d3dd-4cd4-4d57-91e8-c9855ca0312e}</UniqueIdentifier>
    </Filter>
    <Filter Include="common\Packets\PacketElements">
      <UniqueIdentifier>{747b062e-ffa7-4bca-b951-7ffb01c6eafa}</UniqueIdentifier>
    </Filter>
    <Filter Include="common\Packets\ProtocolPackets">
      <UniqueIdentifier>{0d6e2b19-83ea-4438-9f98-82af112e1383}</UniqueIdentifier>
    </Filter>
    <Filter Include="source\Packets">
      <UniqueIdentifier>{b77330e3-33fd-4ab6-8980-5125d29b9cf7}</UniqueIdentifier>
    </Filter>
    <Filter Include="common\Packets\EQ2Packets">
      <UniqueIdentifier>{321acc09-f80c-4634-870f-4c5a780a1aec}</UniqueIdentifier>
    </Filter>
  </ItemGroup>
  <ItemGroup>
    <ClCompile Include="..\..\source\common\io.cpp">
      <Filter>common</Filter>
    </ClCompile>
    <ClCompile Include="..\..\source\common\log.cpp">
      <Filter>common</Filter>
    </ClCompile>
    <ClCompile Include="..\..\source\common\stdio.cpp">
      <Filter>common</Filter>
    </ClCompile>
    <ClCompile Include="..\..\source\common\string.cpp">
      <Filter>common</Filter>
    </ClCompile>
    <ClCompile Include="..\..\source\common\time.cpp">
      <Filter>common</Filter>
    </ClCompile>
    <ClCompile Include="..\..\source\common\util.cpp">
      <Filter>common</Filter>
    </ClCompile>
    <ClCompile Include="..\..\source\WorldServer\main.cpp">
      <Filter>source</Filter>
    </ClCompile>
    <ClCompile Include="..\..\source\common\Server.cpp">
      <Filter>common</Filter>
    </ClCompile>
    <ClCompile Include="..\..\source\common\Stream.cpp">
      <Filter>common</Filter>
    </ClCompile>
    <ClCompile Include="..\..\source\WorldServer\WorldServer\WorldServer.cpp">
      <Filter>source\WorldServer</Filter>
    </ClCompile>
    <ClCompile Include="..\..\source\WorldServer\WorldServer\Client.cpp">
      <Filter>source\WorldServer</Filter>
    </ClCompile>
    <ClCompile Include="..\..\source\common\EQ2Stream.cpp">
      <Filter>common</Filter>
    </ClCompile>
    <ClCompile Include="..\..\source\common\Packets\ProtocolPacket.cpp">
      <Filter>common\Packets</Filter>
    </ClCompile>
    <ClCompile Include="..\..\source\common\CRC16.cpp">
      <Filter>common</Filter>
    </ClCompile>
    <ClCompile Include="..\..\source\common\Packets\EQ2Packet.cpp">
      <Filter>common\Packets</Filter>
    </ClCompile>
    <ClCompile Include="..\..\source\common\Crypto.cpp">
      <Filter>common</Filter>
    </ClCompile>
    <ClCompile Include="..\..\source\common\RC4.cpp">
      <Filter>common</Filter>
    </ClCompile>
    <ClCompile Include="..\..\source\common\timer.cpp">
      <Filter>common</Filter>
    </ClCompile>
    <ClCompile Include="..\..\source\common\Packets\EQ2Packets\OpcodeManager.cpp">
      <Filter>common\Packets\EQ2Packets</Filter>
    </ClCompile>
  </ItemGroup>
  <ItemGroup>
    <ClInclude Include="..\..\source\common\io.h">
      <Filter>common</Filter>
    </ClInclude>
    <ClInclude Include="..\..\source\common\log.h">
      <Filter>common</Filter>
    </ClInclude>
    <ClInclude Include="..\..\source\common\stdio.h">
      <Filter>common</Filter>
    </ClInclude>
    <ClInclude Include="..\..\source\common\string.h">
      <Filter>common</Filter>
    </ClInclude>
    <ClInclude Include="..\..\source\common\time.h">
      <Filter>common</Filter>
    </ClInclude>
    <ClInclude Include="..\..\source\common\util.h">
      <Filter>common</Filter>
    </ClInclude>
    <ClInclude Include="..\..\source\common\version.h">
      <Filter>common</Filter>
    </ClInclude>
    <ClInclude Include="..\..\source\common\Server.h">
      <Filter>common</Filter>
    </ClInclude>
    <ClInclude Include="..\..\source\common\Stream.h">
      <Filter>common</Filter>
    </ClInclude>
    <ClInclude Include="..\..\source\WorldServer\WorldServer\WorldServer.h">
      <Filter>source\WorldServer</Filter>
    </ClInclude>
    <ClInclude Include="..\..\source\WorldServer\WorldServer\Client.h">
      <Filter>source\WorldServer</Filter>
    </ClInclude>
    <ClInclude Include="..\..\source\common\EQ2Stream.h">
      <Filter>common</Filter>
    </ClInclude>
    <ClInclude Include="..\..\source\common\Packets\PacketElement.h">
      <Filter>common\Packets</Filter>
    </ClInclude>
    <ClInclude Include="..\..\source\common\Packets\PacketElements\Packet16String.h">
      <Filter>common\Packets\PacketElements</Filter>
    </ClInclude>
    <ClInclude Include="..\..\source\common\Packets\PacketElements\Packet8String.h">
      <Filter>common\Packets\PacketElements</Filter>
    </ClInclude>
    <ClInclude Include="..\..\source\common\Packets\PacketElements\Packet32String .h">
      <Filter>common\Packets\PacketElements</Filter>
    </ClInclude>
    <ClInclude Include="..\..\source\common\Packets\PacketElements\PacketInt32.h">
      <Filter>common\Packets\PacketElements</Filter>
    </ClInclude>
    <ClInclude Include="..\..\source\common\Packets\PacketElements\PacketInt8.h">
      <Filter>common\Packets\PacketElements</Filter>
    </ClInclude>
    <ClInclude Include="..\..\source\common\Packets\PacketElements\PacketInt16.h">
      <Filter>common\Packets\PacketElements</Filter>
    </ClInclude>
    <ClInclude Include="..\..\source\common\Packets\PacketElements\PacketInt64.h">
      <Filter>common\Packets\PacketElements</Filter>
    </ClInclude>
    <ClInclude Include="..\..\source\common\Packets\PacketElements\PacketUInt8.h">
      <Filter>common\Packets\PacketElements</Filter>
    </ClInclude>
    <ClInclude Include="..\..\source\common\Packets\PacketElements\PacketUInt16.h">
      <Filter>common\Packets\PacketElements</Filter>
    </ClInclude>
    <ClInclude Include="..\..\source\common\Packets\PacketElements\PacketUInt32.h">
      <Filter>common\Packets\PacketElements</Filter>
    </ClInclude>
    <ClInclude Include="..\..\source\common\Packets\PacketElements\PacketUInt64.h">
      <Filter>common\Packets\PacketElements</Filter>
    </ClInclude>
    <ClInclude Include="..\..\source\common\Packets\Packet.h">
      <Filter>common\Packets</Filter>
    </ClInclude>
    <ClInclude Include="..\..\source\common\Packets\ProtocolPacket.h">
      <Filter>common\Packets</Filter>
    </ClInclude>
    <ClInclude Include="..\..\source\common\Packets\ProtocolPackets\OP_SessionRequest_Packet.h">
      <Filter>common\Packets\ProtocolPackets</Filter>
    </ClInclude>
    <ClInclude Include="..\..\source\common\CRC16.h">
      <Filter>common</Filter>
    </ClInclude>
    <ClInclude Include="..\..\source\common\Packets\ProtocolPackets\OP_SessionResponse_Packet.h">
      <Filter>common\Packets\ProtocolPackets</Filter>
    </ClInclude>
    <ClInclude Include="..\..\source\common\Packets\ProtocolPackets\OP_SessionDisconnect_Packet.h">
      <Filter>common\Packets\ProtocolPackets</Filter>
    </ClInclude>
    <ClInclude Include="..\..\source\common\Packets\ProtocolPackets\OP_KeepAlive_Packet.h">
      <Filter>common\Packets\ProtocolPackets</Filter>
    </ClInclude>
    <ClInclude Include="..\..\source\common\Packets\ProtocolPackets\ProtocolPackets.h">
      <Filter>common\Packets\ProtocolPackets</Filter>
    </ClInclude>
    <ClInclude Include="..\..\source\common\Packets\PacketElements\PacketElements.h">
      <Filter>common\Packets\PacketElements</Filter>
    </ClInclude>
    <ClInclude Include="..\..\source\common\Packets\ProtocolPackets\OP_ClientSessionUpdate_Packet.h">
      <Filter>common\Packets\ProtocolPackets</Filter>
    </ClInclude>
    <ClInclude Include="..\..\source\common\Packets\ProtocolPackets\OP_ServerSessionUpdate_Packet.h">
      <Filter>common\Packets\ProtocolPackets</Filter>
    </ClInclude>
    <ClInclude Include="..\..\source\common\Packets\EQ2Packet.h">
      <Filter>common\Packets</Filter>
    </ClInclude>
    <ClInclude Include="..\..\source\common\Crypto.h">
      <Filter>common</Filter>
    </ClInclude>
    <ClInclude Include="..\..\source\common\RC4.h">
      <Filter>common</Filter>
    </ClInclude>
    <ClInclude Include="..\..\source\common\Packets\ProtocolPackets\OP_Packet_Packet.h">
      <Filter>common\Packets\ProtocolPackets</Filter>
    </ClInclude>
    <ClInclude Include="..\..\source\common\Packets\ProtocolPackets\OP_Ack_Packet.h">
      <Filter>common\Packets\ProtocolPackets</Filter>
    </ClInclude>
    <ClInclude Include="..\..\source\common\timer.h">
      <Filter>common</Filter>
    </ClInclude>
    <ClInclude Include="..\..\source\common\Packets\EQ2Packets\OP_KeyRequest_Packet.h">
      <Filter>common\Packets\EQ2Packets</Filter>
    </ClInclude>
    <ClInclude Include="..\..\source\common\Packets\EQ2Packets\OpcodeManager.h">
      <Filter>common\Packets\EQ2Packets</Filter>
    </ClInclude>
    <ClInclude Include="..\..\source\common\Packets\ProtocolPackets\OP_AppCombined_Packet.h">
      <Filter>common\Packets\ProtocolPackets</Filter>
    </ClInclude>
    <ClInclude Include="..\..\source\WorldServer\Packets\OP_LoginRequestMsg_Packet.h">
      <Filter>source\Packets</Filter>
    </ClInclude>
  </ItemGroup>
</Project>