<?xml version="1.0" encoding="utf-8"?>
<Project ToolsVersion="4.0" xmlns="http://schemas.microsoft.com/developer/msbuild/2003">
  <ItemGroup>
    <Filter Include="source">
      <UniqueIdentifier>{3a9da80b-ab05-4e47-81c1-fdf191272107}</UniqueIdentifier>
    </Filter>
    <Filter Include="source\WorldTalk">
      <UniqueIdentifier>{68100850-f8b6-4b9d-89b7-eda60e8bbf61}</UniqueIdentifier>
    </Filter>
    <Filter Include="common">
      <UniqueIdentifier>{9e0c3040-f7ad-4b9f-9423-c58c5cfa3b75}</UniqueIdentifier>
    </Filter>
    <Filter Include="common\Packets">
      <UniqueIdentifier>{0a4bb690-feaa-44cb-809d-455469a37bd9}</UniqueIdentifier>
    </Filter>
    <Filter Include="common\Packets\PacketElements">
      <UniqueIdentifier>{d60e0fdd-bb1f-45be-adc0-db6cd253937a}</UniqueIdentifier>
    </Filter>
    <Filter Include="common\Packets\ProtocolPackets">
      <UniqueIdentifier>{deb47341-2a1d-4036-a1a0-d0c5664c519b}</UniqueIdentifier>
    </Filter>
    <Filter Include="common\Packets\EQ2Packets">
      <UniqueIdentifier>{fd5193cb-9149-41a7-816e-e19f20e1120e}</UniqueIdentifier>
    </Filter>
    <Filter Include="common\Classes">
      <UniqueIdentifier>{350f215d-2d88-4a12-993c-b9645b37861e}</UniqueIdentifier>
    </Filter>
    <Filter Include="source\ZoneServer">
      <UniqueIdentifier>{fad06a55-f7cc-41cf-88fd-c61f283ac1eb}</UniqueIdentifier>
    </Filter>
    <Filter Include="source\Database">
      <UniqueIdentifier>{514400ff-7631-42c4-ac70-6ee19f14fc93}</UniqueIdentifier>
    </Filter>
    <Filter Include="source\Packets">
      <UniqueIdentifier>{99547215-8e34-4224-868f-6438ecb05dd6}</UniqueIdentifier>
    </Filter>
    <Filter Include="source\Packets\Client-&gt;Server">
      <UniqueIdentifier>{436e69bc-5c2b-498b-b864-9b302be48470}</UniqueIdentifier>
    </Filter>
    <Filter Include="source\Spawns">
      <UniqueIdentifier>{8b9d8440-f2c3-4b10-87e1-40c8ce9add58}</UniqueIdentifier>
    </Filter>
    <Filter Include="source\Packets\Server-&gt;Client">
      <UniqueIdentifier>{1ff94625-3a0b-4d4a-9d46-fb68190060d2}</UniqueIdentifier>
    </Filter>
    <Filter Include="common\Packets\EmuPackets">
      <UniqueIdentifier>{6126a519-f13f-411d-8f73-dc2676eeac3a}</UniqueIdentifier>
    </Filter>
    <Filter Include="source\Controllers">
      <UniqueIdentifier>{776d95f2-7c71-4faa-ad61-02499462b13c}</UniqueIdentifier>
    </Filter>
    <Filter Include="source\Chat">
      <UniqueIdentifier>{a00204e7-55ed-4a9e-b1c6-264cf3f0f087}</UniqueIdentifier>
    </Filter>
    <Filter Include="Lua">
      <UniqueIdentifier>{4a687757-ac84-4a32-afd5-005b278e8fab}</UniqueIdentifier>
    </Filter>
    <Filter Include="source\Lua">
      <UniqueIdentifier>{028d56a8-6869-470a-a912-b245e332aafc}</UniqueIdentifier>
    </Filter>
    <Filter Include="source\Commands">
      <UniqueIdentifier>{296eac1b-8f2b-49e6-b21c-aed066f677d3}</UniqueIdentifier>
    </Filter>
  </ItemGroup>
  <ItemGroup>
    <ClCompile Include="..\..\source\ZoneServer\main.cpp">
      <Filter>source</Filter>
    </ClCompile>
    <ClCompile Include="stdafx.cpp">
      <Filter>source</Filter>
    </ClCompile>
    <ClCompile Include="..\..\source\ZoneServer\WorldTalk\WorldTalk.cpp">
      <Filter>source\WorldTalk</Filter>
    </ClCompile>
    <ClCompile Include="..\..\source\ZoneServer\WorldTalk\WorldStream.cpp">
      <Filter>source\WorldTalk</Filter>
    </ClCompile>
    <ClCompile Include="..\..\source\common\ConfigReader.cpp">
      <Filter>common</Filter>
    </ClCompile>
    <ClCompile Include="..\..\source\common\CRC16.cpp">
      <Filter>common</Filter>
    </ClCompile>
    <ClCompile Include="..\..\source\common\Crypto.cpp">
      <Filter>common</Filter>
    </ClCompile>
    <ClCompile Include="..\..\source\common\database-result.cpp">
      <Filter>common</Filter>
    </ClCompile>
    <ClCompile Include="..\..\source\common\database.cpp">
      <Filter>common</Filter>
    </ClCompile>
    <ClCompile Include="..\..\source\common\EmuStream.cpp">
      <Filter>common</Filter>
    </ClCompile>
    <ClCompile Include="..\..\source\common\EQ2Stream.cpp">
      <Filter>common</Filter>
    </ClCompile>
    <ClCompile Include="..\..\source\common\io.cpp">
      <Filter>common</Filter>
    </ClCompile>
    <ClCompile Include="..\..\source\common\log.cpp">
      <Filter>common</Filter>
    </ClCompile>
    <ClCompile Include="..\..\source\common\Mutex.cpp">
      <Filter>common</Filter>
    </ClCompile>
    <ClCompile Include="..\..\source\common\RC4.cpp">
      <Filter>common</Filter>
    </ClCompile>
    <ClCompile Include="..\..\source\common\Server.cpp">
      <Filter>common</Filter>
    </ClCompile>
    <ClCompile Include="..\..\source\common\stdio.cpp">
      <Filter>common</Filter>
    </ClCompile>
    <ClCompile Include="..\..\source\common\Stream.cpp">
      <Filter>common</Filter>
    </ClCompile>
    <ClCompile Include="..\..\source\common\string.cpp">
      <Filter>common</Filter>
    </ClCompile>
    <ClCompile Include="..\..\source\common\TCPServer.cpp">
      <Filter>common</Filter>
    </ClCompile>
    <ClCompile Include="..\..\source\common\thread.cpp">
      <Filter>common</Filter>
    </ClCompile>
    <ClCompile Include="..\..\source\common\time.cpp">
      <Filter>common</Filter>
    </ClCompile>
    <ClCompile Include="..\..\source\common\timer.cpp">
      <Filter>common</Filter>
    </ClCompile>
    <ClCompile Include="..\..\source\common\UDPServer.cpp">
      <Filter>common</Filter>
    </ClCompile>
    <ClCompile Include="..\..\source\common\util.cpp">
      <Filter>common</Filter>
    </ClCompile>
    <ClCompile Include="..\..\source\common\EmuPacket.cpp">
      <Filter>common</Filter>
    </ClCompile>
    <ClCompile Include="..\..\source\common\Packets\EQ2Packet.cpp">
      <Filter>common\Packets</Filter>
    </ClCompile>
    <ClCompile Include="..\..\source\common\Packets\ProtocolPacket.cpp">
      <Filter>common\Packets</Filter>
    </ClCompile>
    <ClCompile Include="..\..\source\common\EmuOpcodes.cpp">
      <Filter>common\Packets</Filter>
    </ClCompile>
    <ClCompile Include="..\..\source\common\Packets\PacketElements\PacketCriteria.cpp">
      <Filter>common\Packets\PacketElements</Filter>
    </ClCompile>
    <ClCompile Include="..\..\source\common\Packets\EQ2Packets\CommonPackets.cpp">
      <Filter>common\Packets\EQ2Packets</Filter>
    </ClCompile>
    <ClCompile Include="..\..\source\common\Packets\EQ2Packets\OpcodeManager.cpp">
      <Filter>common\Packets\EQ2Packets</Filter>
    </ClCompile>
    <ClCompile Include="..\..\source\common\Classes.cpp">
      <Filter>common\Classes</Filter>
    </ClCompile>
    <ClCompile Include="..\..\source\ZoneServer\Database\ZoneDatabase.cpp">
      <Filter>source\Database</Filter>
    </ClCompile>
    <ClCompile Include="..\..\source\ZoneServer\ZoneServer\Client.cpp">
      <Filter>source\ZoneServer</Filter>
    </ClCompile>
    <ClCompile Include="..\..\source\ZoneServer\Packets\ZoneServerPackets.cpp">
      <Filter>source\Packets</Filter>
    </ClCompile>
    <ClCompile Include="..\..\source\ZoneServer\Spawns\Entity.cpp">
      <Filter>source\Spawns</Filter>
    </ClCompile>
    <ClCompile Include="..\..\source\ZoneServer\Spawns\Object.cpp">
      <Filter>source\Spawns</Filter>
    </ClCompile>
    <ClCompile Include="..\..\source\ZoneServer\Spawns\Sign.cpp">
      <Filter>source\Spawns</Filter>
    </ClCompile>
    <ClCompile Include="..\..\source\ZoneServer\Spawns\Spawn.cpp">
      <Filter>source\Spawns</Filter>
    </ClCompile>
    <ClCompile Include="..\..\source\ZoneServer\Spawns\Widget.cpp">
      <Filter>source\Spawns</Filter>
    </ClCompile>
    <ClCompile Include="..\..\source\ZoneServer\Packets\EmuPacketHandlers.cpp">
      <Filter>source\Packets</Filter>
    </ClCompile>
    <ClCompile Include="..\..\source\ZoneServer\ZoneServer\ZoneOperator.cpp">
      <Filter>source\ZoneServer</Filter>
    </ClCompile>
    <ClCompile Include="..\..\source\ZoneServer\ZoneServer\ZoneServer.cpp">
      <Filter>source\ZoneServer</Filter>
    </ClCompile>
    <ClCompile Include="..\..\source\ZoneServer\Packets\EncodedPackets.cpp">
      <Filter>source\Packets</Filter>
    </ClCompile>
    <ClCompile Include="..\..\source\common\NetUtil.cpp">
      <Filter>common</Filter>
    </ClCompile>
    <ClCompile Include="..\..\source\common\Separator.cpp">
      <Filter>common</Filter>
    </ClCompile>
    <ClCompile Include="..\..\source\ZoneServer\Commands\CommandProcess.cpp">
      <Filter>source\Commands</Filter>
    </ClCompile>
    <ClCompile Include="..\..\source\common\Packets\XmlStructDumper.cpp">
      <Filter>common\Packets</Filter>
    </ClCompile>
    <ClCompile Include="..\..\source\ZoneServer\Packets\ZoneServerSubstructs.cpp">
      <Filter>source\Packets</Filter>
    </ClCompile>
    <ClCompile Include="..\..\source\common\Packets\EQ2Packets\CommonSubstructs.cpp">
      <Filter>common\Packets\EQ2Packets</Filter>
    </ClCompile>
    <ClCompile Include="..\..\source\common\Rules.cpp">
      <Filter>common</Filter>
    </ClCompile>
    <ClCompile Include="..\..\source\common\CommonDatabase.cpp">
      <Filter>common</Filter>
    </ClCompile>
    <ClCompile Include="..\..\source\ZoneServer\Controllers\BaseController.cpp">
      <Filter>source\Controllers</Filter>
    </ClCompile>
    <ClCompile Include="..\..\source\ZoneServer\Controllers\PlayerController.cpp">
      <Filter>source\Controllers</Filter>
    </ClCompile>
    <ClCompile Include="..\..\source\common\Packets\PacketElements\PacketEncodedData.cpp">
      <Filter>common\Packets\PacketElements</Filter>
    </ClCompile>
    <ClCompile Include="..\..\source\ZoneServer\ZoneServer\Cell.cpp">
      <Filter>source\ZoneServer</Filter>
    </ClCompile>
    <ClCompile Include="..\..\source\ZoneServer\Spawns\SpawnStructs.cpp">
      <Filter>source\Spawns</Filter>
    </ClCompile>
    <ClCompile Include="..\..\source\ZoneServer\Chat\ClientChatFilters.cpp">
      <Filter>source\Chat</Filter>
    </ClCompile>
    <ClCompile Include="..\..\source\ZoneServer\Chat\ChatFilterLookup.cpp">
      <Filter>source\Chat</Filter>
    </ClCompile>
    <ClCompile Include="..\..\source\ZoneServer\Chat\ClientChat.cpp">
      <Filter>source\Chat</Filter>
    </ClCompile>
    <ClCompile Include="..\..\source\ZoneServer\Chat\ZoneChat.cpp">
      <Filter>source\ZoneServer</Filter>
    </ClCompile>
    <ClCompile Include="..\..\source\ZoneServer\Commands\CommandSpawn.cpp">
      <Filter>source\Commands</Filter>
    </ClCompile>
    <ClCompile Include="..\..\source\ZoneServer\Spawns\EntityCommands.cpp">
      <Filter>source\Spawns</Filter>
    </ClCompile>
    <ClCompile Include="..\..\source\Lua\lauxlib.c">
      <Filter>Lua</Filter>
    </ClCompile>
    <ClCompile Include="..\..\source\Lua\lbaselib.c">
      <Filter>Lua</Filter>
    </ClCompile>
    <ClCompile Include="..\..\source\Lua\lbitlib.c">
      <Filter>Lua</Filter>
    </ClCompile>
    <ClCompile Include="..\..\source\Lua\lcode.c">
      <Filter>Lua</Filter>
    </ClCompile>
    <ClCompile Include="..\..\source\Lua\lcorolib.c">
      <Filter>Lua</Filter>
    </ClCompile>
    <ClCompile Include="..\..\source\Lua\lctype.c">
      <Filter>Lua</Filter>
    </ClCompile>
    <ClCompile Include="..\..\source\Lua\ldblib.c">
      <Filter>Lua</Filter>
    </ClCompile>
    <ClCompile Include="..\..\source\Lua\ldebug.c">
      <Filter>Lua</Filter>
    </ClCompile>
    <ClCompile Include="..\..\source\Lua\ldo.c">
      <Filter>Lua</Filter>
    </ClCompile>
    <ClCompile Include="..\..\source\Lua\ldump.c">
      <Filter>Lua</Filter>
    </ClCompile>
    <ClCompile Include="..\..\source\Lua\lfunc.c">
      <Filter>Lua</Filter>
    </ClCompile>
    <ClCompile Include="..\..\source\Lua\lgc.c">
      <Filter>Lua</Filter>
    </ClCompile>
    <ClCompile Include="..\..\source\Lua\linit.c">
      <Filter>Lua</Filter>
    </ClCompile>
    <ClCompile Include="..\..\source\Lua\liolib.c">
      <Filter>Lua</Filter>
    </ClCompile>
    <ClCompile Include="..\..\source\Lua\llex.c">
      <Filter>Lua</Filter>
    </ClCompile>
    <ClCompile Include="..\..\source\Lua\lmathlib.c">
      <Filter>Lua</Filter>
    </ClCompile>
    <ClCompile Include="..\..\source\Lua\lmem.c">
      <Filter>Lua</Filter>
    </ClCompile>
    <ClCompile Include="..\..\source\Lua\loadlib.c">
      <Filter>Lua</Filter>
    </ClCompile>
    <ClCompile Include="..\..\source\Lua\lobject.c">
      <Filter>Lua</Filter>
    </ClCompile>
    <ClCompile Include="..\..\source\Lua\lopcodes.c">
      <Filter>Lua</Filter>
    </ClCompile>
    <ClCompile Include="..\..\source\Lua\loslib.c">
      <Filter>Lua</Filter>
    </ClCompile>
    <ClCompile Include="..\..\source\Lua\lparser.c">
      <Filter>Lua</Filter>
    </ClCompile>
    <ClCompile Include="..\..\source\Lua\lstate.c">
      <Filter>Lua</Filter>
    </ClCompile>
    <ClCompile Include="..\..\source\Lua\lstring.c">
      <Filter>Lua</Filter>
    </ClCompile>
    <ClCompile Include="..\..\source\Lua\lstrlib.c">
      <Filter>Lua</Filter>
    </ClCompile>
    <ClCompile Include="..\..\source\Lua\ltable.c">
      <Filter>Lua</Filter>
    </ClCompile>
    <ClCompile Include="..\..\source\Lua\ltablib.c">
      <Filter>Lua</Filter>
    </ClCompile>
    <ClCompile Include="..\..\source\Lua\ltm.c">
      <Filter>Lua</Filter>
    </ClCompile>
    <ClCompile Include="..\..\source\Lua\lundump.c">
      <Filter>Lua</Filter>
    </ClCompile>
    <ClCompile Include="..\..\source\Lua\lutf8lib.c">
      <Filter>Lua</Filter>
    </ClCompile>
    <ClCompile Include="..\..\source\Lua\lvm.c">
      <Filter>Lua</Filter>
    </ClCompile>
    <ClCompile Include="..\..\source\Lua\lzio.c">
      <Filter>Lua</Filter>
    </ClCompile>
    <ClCompile Include="..\..\source\Lua\lapi.c">
      <Filter>Lua</Filter>
    </ClCompile>
    <ClCompile Include="..\..\source\ZoneServer\Lua\LuaUserData.cpp">
      <Filter>source\Lua</Filter>
    </ClCompile>
    <ClCompile Include="..\..\source\ZoneServer\Lua\LuaInterface.cpp">
      <Filter>source\Lua</Filter>
    </ClCompile>
    <ClCompile Include="..\..\source\ZoneServer\ZoneServer\MasterZoneLookup.cpp">
      <Filter>source\ZoneServer</Filter>
    </ClCompile>
    <ClCompile Include="..\..\source\ZoneServer\Lua\LuaQuestFunctions.cpp">
      <Filter>source\Lua</Filter>
    </ClCompile>
    <ClCompile Include="..\..\source\ZoneServer\Lua\LuaSpawnFunctions.cpp">
      <Filter>source\Lua</Filter>
    </ClCompile>
    <ClCompile Include="..\..\source\ZoneServer\Lua\LuaSpellFunctions.cpp">
      <Filter>source\Lua</Filter>
    </ClCompile>
    <ClCompile Include="..\..\source\ZoneServer\Lua\LuaZoneFunctions.cpp">
      <Filter>source\Lua</Filter>
    </ClCompile>
    <ClCompile Include="..\..\source\ZoneServer\Lua\LuaItemFunctions.cpp">
      <Filter>source\Lua</Filter>
    </ClCompile>
    <ClCompile Include="..\..\source\ZoneServer\Lua\LuaGlobals.cpp">
      <Filter>source\Lua</Filter>
    </ClCompile>
    <ClCompile Include="..\..\source\ZoneServer\Lua\LuaFunctions.cpp">
      <Filter>source\Lua</Filter>
    </ClCompile>
    <ClCompile Include="..\..\source\ZoneServer\Lua\LuaChatFunctions.cpp">
      <Filter>source\Lua</Filter>
    </ClCompile>
  </ItemGroup>
  <ItemGroup>
    <ClInclude Include="..\..\source\ZoneServer\WorldTalk\WorldTalk.h">
      <Filter>source\WorldTalk</Filter>
    </ClInclude>
    <ClInclude Include="..\..\source\ZoneServer\WorldTalk\WorldStream.h">
      <Filter>source\WorldTalk</Filter>
    </ClInclude>
    <ClInclude Include="stdafx.h">
      <Filter>source</Filter>
    </ClInclude>
    <ClInclude Include="..\..\source\common\ConfigReader.h">
      <Filter>common</Filter>
    </ClInclude>
    <ClInclude Include="..\..\source\common\CRC16.h">
      <Filter>common</Filter>
    </ClInclude>
    <ClInclude Include="..\..\source\common\Crypto.h">
      <Filter>common</Filter>
    </ClInclude>
    <ClInclude Include="..\..\source\common\database-result.h">
      <Filter>common</Filter>
    </ClInclude>
    <ClInclude Include="..\..\source\common\database.h">
      <Filter>common</Filter>
    </ClInclude>
    <ClInclude Include="..\..\source\common\EmuStream.h">
      <Filter>common</Filter>
    </ClInclude>
    <ClInclude Include="..\..\source\common\EQ2Stream.h">
      <Filter>common</Filter>
    </ClInclude>
    <ClInclude Include="..\..\source\common\io.h">
      <Filter>common</Filter>
    </ClInclude>
    <ClInclude Include="..\..\source\common\log.h">
      <Filter>common</Filter>
    </ClInclude>
    <ClInclude Include="..\..\source\common\Mutex.h">
      <Filter>common</Filter>
    </ClInclude>
    <ClInclude Include="..\..\source\common\RC4.h">
      <Filter>common</Filter>
    </ClInclude>
    <ClInclude Include="..\..\source\common\Server.h">
      <Filter>common</Filter>
    </ClInclude>
    <ClInclude Include="..\..\source\common\TCPServer.h">
      <Filter>common</Filter>
    </ClInclude>
    <ClInclude Include="..\..\source\common\UDPServer.h">
      <Filter>common</Filter>
    </ClInclude>
    <ClInclude Include="..\..\source\common\stdio.h">
      <Filter>common</Filter>
    </ClInclude>
    <ClInclude Include="..\..\source\common\Stream.h">
      <Filter>common</Filter>
    </ClInclude>
    <ClInclude Include="..\..\source\common\string.h">
      <Filter>common</Filter>
    </ClInclude>
    <ClInclude Include="..\..\source\common\thread.h">
      <Filter>common</Filter>
    </ClInclude>
    <ClInclude Include="..\..\source\common\time.h">
      <Filter>common</Filter>
    </ClInclude>
    <ClInclude Include="..\..\source\common\timer.h">
      <Filter>common</Filter>
    </ClInclude>
    <ClInclude Include="..\..\source\common\util.h">
      <Filter>common</Filter>
    </ClInclude>
    <ClInclude Include="..\..\source\common\version.h">
      <Filter>common</Filter>
    </ClInclude>
    <ClInclude Include="..\..\source\common\EmuPacket.h">
      <Filter>common</Filter>
    </ClInclude>
    <ClInclude Include="..\..\source\common\EmuOpcodes.h">
      <Filter>common</Filter>
    </ClInclude>
    <ClInclude Include="..\..\source\common\Packets\EQ2Packet.h">
      <Filter>common\Packets</Filter>
    </ClInclude>
    <ClInclude Include="..\..\source\common\Packets\Packet.h">
      <Filter>common\Packets</Filter>
    </ClInclude>
    <ClInclude Include="..\..\source\common\Packets\PacketElement.h">
      <Filter>common\Packets</Filter>
    </ClInclude>
    <ClInclude Include="..\..\source\common\Packets\ProtocolPacket.h">
      <Filter>common\Packets</Filter>
    </ClInclude>
    <ClInclude Include="..\..\source\common\Packets\PacketElements\Packet16String.h">
      <Filter>common\Packets\PacketElements</Filter>
    </ClInclude>
    <ClInclude Include="..\..\source\common\Packets\PacketElements\Packet32String .h">
      <Filter>common\Packets\PacketElements</Filter>
    </ClInclude>
    <ClInclude Include="..\..\source\common\Packets\PacketElements\Packet8String.h">
      <Filter>common\Packets\PacketElements</Filter>
    </ClInclude>
    <ClInclude Include="..\..\source\common\Packets\PacketElements\PacketArray.h">
      <Filter>common\Packets\PacketElements</Filter>
    </ClInclude>
    <ClInclude Include="..\..\source\common\Packets\PacketElements\PacketCriteria.h">
      <Filter>common\Packets\PacketElements</Filter>
    </ClInclude>
    <ClInclude Include="..\..\source\common\Packets\PacketElements\PacketElements.h">
      <Filter>common\Packets\PacketElements</Filter>
    </ClInclude>
    <ClInclude Include="..\..\source\common\Packets\PacketElements\PacketEQ2Color.h">
      <Filter>common\Packets\PacketElements</Filter>
    </ClInclude>
    <ClInclude Include="..\..\source\common\Packets\PacketElements\PacketEQ2EquipmentItem.h">
      <Filter>common\Packets\PacketElements</Filter>
    </ClInclude>
    <ClInclude Include="..\..\source\common\Packets\PacketElements\PacketInt16.h">
      <Filter>common\Packets\PacketElements</Filter>
    </ClInclude>
    <ClInclude Include="..\..\source\common\Packets\PacketElements\PacketInt32.h">
      <Filter>common\Packets\PacketElements</Filter>
    </ClInclude>
    <ClInclude Include="..\..\source\common\Packets\PacketElements\PacketInt64.h">
      <Filter>common\Packets\PacketElements</Filter>
    </ClInclude>
    <ClInclude Include="..\..\source\common\Packets\PacketElements\PacketInt8.h">
      <Filter>common\Packets\PacketElements</Filter>
    </ClInclude>
    <ClInclude Include="..\..\source\common\Packets\PacketElements\PacketOversizedByte.h">
      <Filter>common\Packets\PacketElements</Filter>
    </ClInclude>
    <ClInclude Include="..\..\source\common\Packets\PacketElements\PacketSubstruct.h">
      <Filter>common\Packets\PacketElements</Filter>
    </ClInclude>
    <ClInclude Include="..\..\source\common\Packets\PacketElements\PacketUInt16.h">
      <Filter>common\Packets\PacketElements</Filter>
    </ClInclude>
    <ClInclude Include="..\..\source\common\Packets\PacketElements\PacketUInt32.h">
      <Filter>common\Packets\PacketElements</Filter>
    </ClInclude>
    <ClInclude Include="..\..\source\common\Packets\PacketElements\PacketUInt64.h">
      <Filter>common\Packets\PacketElements</Filter>
    </ClInclude>
    <ClInclude Include="..\..\source\common\Packets\PacketElements\PacketUInt8.h">
      <Filter>common\Packets\PacketElements</Filter>
    </ClInclude>
    <ClInclude Include="..\..\source\common\Packets\PacketElements\PacketBool.h">
      <Filter>common\Packets\PacketElements</Filter>
    </ClInclude>
    <ClInclude Include="..\..\source\common\Packets\PacketElements\PacketDouble.h">
      <Filter>common\Packets\PacketElements</Filter>
    </ClInclude>
    <ClInclude Include="..\..\source\common\Packets\PacketElements\PacketFloat.h">
      <Filter>common\Packets\PacketElements</Filter>
    </ClInclude>
    <ClInclude Include="..\..\source\common\Packets\ProtocolPackets\OP_Ack_Packet.h">
      <Filter>common\Packets\ProtocolPackets</Filter>
    </ClInclude>
    <ClInclude Include="..\..\source\common\Packets\ProtocolPackets\OP_AppCombined_Packet.h">
      <Filter>common\Packets\ProtocolPackets</Filter>
    </ClInclude>
    <ClInclude Include="..\..\source\common\Packets\ProtocolPackets\OP_ClientSessionUpdate_Packet.h">
      <Filter>common\Packets\ProtocolPackets</Filter>
    </ClInclude>
    <ClInclude Include="..\..\source\common\Packets\ProtocolPackets\OP_KeepAlive_Packet.h">
      <Filter>common\Packets\ProtocolPackets</Filter>
    </ClInclude>
    <ClInclude Include="..\..\source\common\Packets\ProtocolPackets\OP_Packet_Packet.h">
      <Filter>common\Packets\ProtocolPackets</Filter>
    </ClInclude>
    <ClInclude Include="..\..\source\common\Packets\ProtocolPackets\OP_ServerSessionUpdate_Packet.h">
      <Filter>common\Packets\ProtocolPackets</Filter>
    </ClInclude>
    <ClInclude Include="..\..\source\common\Packets\ProtocolPackets\OP_SessionDisconnect_Packet.h">
      <Filter>common\Packets\ProtocolPackets</Filter>
    </ClInclude>
    <ClInclude Include="..\..\source\common\Packets\ProtocolPackets\OP_SessionRequest_Packet.h">
      <Filter>common\Packets\ProtocolPackets</Filter>
    </ClInclude>
    <ClInclude Include="..\..\source\common\Packets\ProtocolPackets\OP_SessionResponse_Packet.h">
      <Filter>common\Packets\ProtocolPackets</Filter>
    </ClInclude>
    <ClInclude Include="..\..\source\common\Packets\ProtocolPackets\ProtocolPackets.h">
      <Filter>common\Packets\ProtocolPackets</Filter>
    </ClInclude>
    <ClInclude Include="..\..\source\common\Packets\EQ2Packets\OpcodeManager.h">
      <Filter>common\Packets\EQ2Packets</Filter>
    </ClInclude>
    <ClInclude Include="..\..\source\common\Packets\EQ2Packets\OP_KeyRequest_Packet.h">
      <Filter>common\Packets\EQ2Packets</Filter>
    </ClInclude>
    <ClInclude Include="..\..\source\common\Packets\EQ2Packets\OP_LoginReplyMsg_Packet.h">
      <Filter>common\Packets\EQ2Packets</Filter>
    </ClInclude>
    <ClInclude Include="..\..\source\common\Classes.h">
      <Filter>common\Classes</Filter>
    </ClInclude>
    <ClInclude Include="..\..\source\ZoneServer\ZoneServer\ZoneServer.h">
      <Filter>source\ZoneServer</Filter>
    </ClInclude>
    <ClInclude Include="..\..\source\ZoneServer\Database\ZoneDatabase.h">
      <Filter>source\Database</Filter>
    </ClInclude>
    <ClInclude Include="..\..\source\ZoneServer\ZoneServer\Client.h">
      <Filter>source\ZoneServer</Filter>
    </ClInclude>
    <ClInclude Include="..\..\source\ZoneServer\Packets\OP_LoginByNumRequestMsg_Packet.h">
      <Filter>source\Packets\Client-&gt;Server</Filter>
    </ClInclude>
    <ClInclude Include="..\..\source\ZoneServer\Spawns\Entity.h">
      <Filter>source\Spawns</Filter>
    </ClInclude>
    <ClInclude Include="..\..\source\ZoneServer\Spawns\Object.h">
      <Filter>source\Spawns</Filter>
    </ClInclude>
    <ClInclude Include="..\..\source\ZoneServer\Spawns\Sign.h">
      <Filter>source\Spawns</Filter>
    </ClInclude>
    <ClInclude Include="..\..\source\ZoneServer\Spawns\Spawn.h">
      <Filter>source\Spawns</Filter>
    </ClInclude>
    <ClInclude Include="..\..\source\ZoneServer\Spawns\SpawnStructs.h">
      <Filter>source\Spawns</Filter>
    </ClInclude>
    <ClInclude Include="..\..\source\ZoneServer\Spawns\Widget.h">
      <Filter>source\Spawns</Filter>
    </ClInclude>
    <ClInclude Include="..\..\source\ZoneServer\Packets\Substruct_SpawnHeader.h">
      <Filter>source\Packets\Server-&gt;Client</Filter>
    </ClInclude>
    <ClInclude Include="..\..\source\common\Packets\EmuPackets\Emu_RegisterZoneServer_Packet.h">
      <Filter>common\Packets\EmuPackets</Filter>
    </ClInclude>
    <ClInclude Include="..\..\source\ZoneServer\ZoneServer\ZoneOperator.h">
      <Filter>source\ZoneServer</Filter>
    </ClInclude>
    <ClInclude Include="..\..\source\ZoneServer\Packets\OP_ZoneInfoMsg_Packet.h">
      <Filter>source\Packets\Server-&gt;Client</Filter>
    </ClInclude>
    <ClInclude Include="..\..\source\ZoneServer\Packets\OP_ClientCmdMsg_Packet.h">
      <Filter>source\Packets\Server-&gt;Client</Filter>
    </ClInclude>
    <ClInclude Include="..\..\source\ZoneServer\Packets\OP_CreateGhostCmd_Packet.h">
      <Filter>source\Packets\Server-&gt;Client</Filter>
    </ClInclude>
    <ClInclude Include="..\..\source\ZoneServer\Packets\OP_DoneLoadingZoneResourcesMsg_Packet.h">
      <Filter>source\Packets\Client-&gt;Server</Filter>
    </ClInclude>
    <ClInclude Include="..\..\source\ZoneServer\Packets\OP_DoneSendingInitialEntitiesMsg_Packet.h">
      <Filter>source\Packets\Server-&gt;Client</Filter>
    </ClInclude>
    <ClInclude Include="..\..\source\ZoneServer\Packets\OP_ClientCmdMsg_Packet.h">
      <Filter>source\Packets</Filter>
    </ClInclude>
    <ClInclude Include="..\..\source\ZoneServer\Packets\OP_EqSetPOVGhostCmd_Packet.h">
      <Filter>source\Packets\Server-&gt;Client</Filter>
    </ClInclude>
    <ClInclude Include="..\..\source\ZoneServer\Packets\OP_DoneLoadingEntityResourcesMsg_Packet.h">
      <Filter>source\Packets\Client-&gt;Server</Filter>
    </ClInclude>
    <ClInclude Include="..\..\source\ZoneServer\Packets\OP_EqSetControlGhostCmd_Packet.h">
      <Filter>source\Packets\Server-&gt;Client</Filter>
    </ClInclude>
    <ClInclude Include="..\..\source\ZoneServer\Packets\OP_UpdateCharacterSheetMsg_Packet.h">
      <Filter>source\Packets\Server-&gt;Client</Filter>
    </ClInclude>
    <ClInclude Include="..\..\source\ZoneServer\Packets\Substruct_GroupMember.h">
      <Filter>source\Packets\Server-&gt;Client</Filter>
    </ClInclude>
    <ClInclude Include="..\..\source\ZoneServer\Packets\Substruct_MaintainedEffects.h">
      <Filter>source\Packets\Server-&gt;Client</Filter>
    </ClInclude>
    <ClInclude Include="..\..\source\ZoneServer\Packets\Substruct_PassiveEffects.h">
      <Filter>source\Packets\Server-&gt;Client</Filter>
    </ClInclude>
    <ClInclude Include="..\..\source\ZoneServer\Packets\Substruct_SpellEffects.h">
      <Filter>source\Packets\Server-&gt;Client</Filter>
    </ClInclude>
    <ClInclude Include="..\..\source\common\Packets\PacketElements\PacketChar.h">
      <Filter>common\Packets\PacketElements</Filter>
    </ClInclude>
    <ClInclude Include="..\..\source\ZoneServer\Packets\OP_DefaultGroupOptionsMsg_Packet.h">
      <Filter>source\Packets\Server-&gt;Client</Filter>
    </ClInclude>
    <ClInclude Include="..\..\source\ZoneServer\Packets\OP_DefaultGroupOptionsRequestMsg_Packet.h">
      <Filter>source\Packets\Client-&gt;Server</Filter>
    </ClInclude>
    <ClInclude Include="..\..\source\ZoneServer\Packets\OP_MoveableObjectPlacementCriteri_Packet.h">
      <Filter>source\Packets\Server-&gt;Client</Filter>
    </ClInclude>
    <ClInclude Include="..\..\source\ZoneServer\Packets\OP_GameWorldTimeMsg_Packet.h">
      <Filter>source\Packets\Server-&gt;Client</Filter>
    </ClInclude>
    <ClInclude Include="..\..\source\ZoneServer\Packets\OP_UpdatePositionMsg.h">
      <Filter>source\Packets\Client-&gt;Server</Filter>
    </ClInclude>
    <ClInclude Include="..\..\source\common\Packets\PacketElements\PacketEncodedData.h">
      <Filter>common\Packets\PacketElements</Filter>
    </ClInclude>
    <ClInclude Include="..\..\source\common\Packets\PacketElements\PacketPackedData.h">
      <Filter>common\Packets\PacketElements</Filter>
    </ClInclude>
    <ClInclude Include="..\..\source\common\EncodedBuffer.h">
      <Filter>common</Filter>
    </ClInclude>
    <ClInclude Include="..\..\source\ZoneServer\Packets\OP_PredictionUpdateMsg.h">
      <Filter>source\Packets\Client-&gt;Server</Filter>
    </ClInclude>
    <ClInclude Include="..\..\source\ZoneServer\Packets\EncodedPackets.h">
      <Filter>source\Packets</Filter>
    </ClInclude>
    <ClInclude Include="..\..\source\common\Packets\EmuPackets\Emu_RequestZoneReply_Packet.h">
      <Filter>common\Packets\EmuPackets</Filter>
    </ClInclude>
    <ClInclude Include="..\..\source\common\Packets\EmuPackets\Emu_RequestZone_Packet.h">
      <Filter>common\Packets\EmuPackets</Filter>
    </ClInclude>
    <ClInclude Include="..\..\source\common\Packets\EmuPackets\Emu_RegisterZoneServerReply_Packet.h">
      <Filter>common\Packets\EmuPackets</Filter>
    </ClInclude>
    <ClInclude Include="..\..\source\common\Packets\EmuPackets\Emu_TransferClient_Packet.h">
      <Filter>common\Packets\EmuPackets</Filter>
    </ClInclude>
    <ClInclude Include="..\..\source\ZoneServer\Commands\CommandToken.h">
      <Filter>source\Commands</Filter>
    </ClInclude>
    <ClInclude Include="..\..\source\ZoneServer\Packets\OP_RemoteCmdMsg_Packet.h">
      <Filter>source\Packets\Client-&gt;Server</Filter>
    </ClInclude>
    <ClInclude Include="..\..\source\ZoneServer\Packets\OP_SetRemoteCmdsMsg_Packet.h">
      <Filter>source\Packets\Server-&gt;Client</Filter>
    </ClInclude>
    <ClInclude Include="..\..\source\common\NetUtil.h">
      <Filter>common</Filter>
    </ClInclude>
    <ClInclude Include="..\..\source\ZoneServer\Packets\OP_CreateSignWidgetCmd_Packet.h">
      <Filter>source\Packets\Server-&gt;Client</Filter>
    </ClInclude>
    <ClInclude Include="..\..\source\ZoneServer\Packets\OP_CreateWidgetCmd_Packet.h">
      <Filter>source\Packets\Server-&gt;Client</Filter>
    </ClInclude>
    <ClInclude Include="..\..\source\ZoneServer\Packets\OP_UpdateSpawnCmdMsg.h">
      <Filter>source\Packets\Server-&gt;Client</Filter>
    </ClInclude>
    <ClInclude Include="..\..\source\ZoneServer\Controllers\BaseController.h">
      <Filter>source\Controllers</Filter>
    </ClInclude>
    <ClInclude Include="..\..\source\ZoneServer\Controllers\BotController.h">
      <Filter>source\Controllers</Filter>
    </ClInclude>
    <ClInclude Include="..\..\source\ZoneServer\Controllers\CosmeticPetController.h">
      <Filter>source\Controllers</Filter>
    </ClInclude>
    <ClInclude Include="..\..\source\ZoneServer\Controllers\DumbfirePetController.h">
      <Filter>source\Controllers</Filter>
    </ClInclude>
    <ClInclude Include="..\..\source\ZoneServer\Controllers\MercenaryController.h">
      <Filter>source\Controllers</Filter>
    </ClInclude>
    <ClInclude Include="..\..\source\ZoneServer\Controllers\NPCController.h">
      <Filter>source\Controllers</Filter>
    </ClInclude>
    <ClInclude Include="..\..\source\ZoneServer\Controllers\PetController.h">
      <Filter>source\Controllers</Filter>
    </ClInclude>
    <ClInclude Include="..\..\source\ZoneServer\Controllers\PlayerController.h">
      <Filter>source\Controllers</Filter>
    </ClInclude>
    <ClInclude Include="..\..\source\common\Separator.h">
      <Filter>common</Filter>
    </ClInclude>
    <ClInclude Include="..\..\source\ZoneServer\Commands\CommandProcess.h">
      <Filter>source\Commands</Filter>
    </ClInclude>
    <ClInclude Include="..\..\source\common\Packets\XmlStructDumper.h">
      <Filter>common\Packets</Filter>
    </ClInclude>
    <ClInclude Include="..\..\source\ZoneServer\Packets\OP_TeleportWithinZoneNoReloadMsg_Packet.h">
      <Filter>source\Packets\Server-&gt;Client</Filter>
    </ClInclude>
    <ClInclude Include="..\..\source\common\Rules.h">
      <Filter>common</Filter>
    </ClInclude>
    <ClInclude Include="..\..\source\common\CommonDatabase.h">
      <Filter>common</Filter>
    </ClInclude>
    <ClInclude Include="..\..\source\common\Packets\ProtocolPackets\OP_OutOfOrderAck_Packet.h">
      <Filter>common\Packets\ProtocolPackets</Filter>
    </ClInclude>
    <ClInclude Include="..\..\source\common\Packets\ProtocolPackets\OP_OutOfSession_Packet.h">
      <Filter>common\Packets\ProtocolPackets</Filter>
    </ClInclude>
    <ClInclude Include="..\..\source\common\Packets\EQ2Packets\OP_UIEvent_Packet.h">
      <Filter>common\Packets\EQ2Packets</Filter>
    </ClInclude>
    <ClInclude Include="..\..\source\ZoneServer\Packets\OP_PaperdollImage_Packet.h">
      <Filter>source\Packets\Client-&gt;Server</Filter>
    </ClInclude>
    <ClInclude Include="..\..\source\ZoneServer\Packets\OP_UpdateTargetMsg.h">
      <Filter>source\Packets\Client-&gt;Server</Filter>
    </ClInclude>
    <ClInclude Include="..\..\source\ZoneServer\Packets\OP_ChangeZoneMsg_Packet.h">
      <Filter>source\Packets\Server-&gt;Client</Filter>
    </ClInclude>
    <ClInclude Include="..\..\source\ZoneServer\Packets\OP_ReadyToZoneMsg_Packet.h">
      <Filter>source\Packets\Client-&gt;Server</Filter>
    </ClInclude>
    <ClInclude Include="..\..\source\ZoneServer\Packets\OP_EqDestroyGhostCmd_Packet.h">
      <Filter>source\Packets\Server-&gt;Client</Filter>
    </ClInclude>
    <ClInclude Include="..\..\source\ZoneServer\Packets\OP_ChangeServerControlFlagMsg.h">
      <Filter>source\Packets\Server-&gt;Client</Filter>
    </ClInclude>
    <ClInclude Include="..\..\source\ZoneServer\ZoneServer\Cell.h">
      <Filter>source\ZoneServer</Filter>
    </ClInclude>
    <ClInclude Include="..\..\source\ZoneServer\Spawns\GroundSpawn.h">
      <Filter>source\Spawns</Filter>
    </ClInclude>
    <ClInclude Include="..\..\source\ZoneServer\Packets\OP_ChatFiltersMsg.h">
      <Filter>source\Packets\Client-&gt;Server</Filter>
    </ClInclude>
    <ClInclude Include="..\..\source\ZoneServer\Chat\ClientChatFilters.h">
      <Filter>source\Chat</Filter>
    </ClInclude>
    <ClInclude Include="..\..\source\ZoneServer\Packets\OP_HearChatCmd_Packet.h">
      <Filter>source\Packets\Server-&gt;Client</Filter>
    </ClInclude>
    <ClInclude Include="..\..\source\ZoneServer\Packets\OP_DisplayTextCmd_Packet.h">
      <Filter>source\Packets\Server-&gt;Client</Filter>
    </ClInclude>
    <ClInclude Include="..\..\source\ZoneServer\Packets\OP_OnscreenMsgMsg_Packet.h">
      <Filter>source\Packets\Server-&gt;Client</Filter>
    </ClInclude>
    <ClInclude Include="..\..\source\ZoneServer\Packets\OP_OpenDialogCmd_Packet.h">
      <Filter>source\Packets\Server-&gt;Client</Filter>
    </ClInclude>
    <ClInclude Include="..\..\source\ZoneServer\Chat\ChatFilterLookup.h">
      <Filter>source\Chat</Filter>
    </ClInclude>
    <ClInclude Include="..\..\source\ZoneServer\Chat\ClientChat.h">
      <Filter>source\Chat</Filter>
    </ClInclude>
    <ClInclude Include="..\..\source\common\CommonChat.h">
      <Filter>common</Filter>
    </ClInclude>
    <ClInclude Include="..\..\source\ZoneServer\Chat\ZoneChat.h">
      <Filter>source\Chat</Filter>
    </ClInclude>
    <ClInclude Include="..\..\source\common\Packets\EmuPackets\Emu_ClientSessionEnded_Packet.h">
      <Filter>common\Packets\EmuPackets</Filter>
    </ClInclude>
    <ClInclude Include="..\..\source\common\Packets\EmuPackets\Emu_ClientLoginConfirm_Packet.h">
      <Filter>common\Packets</Filter>
    </ClInclude>
    <ClInclude Include="..\..\source\common\Packets\EmuPackets\Emu_TransferClientConfirm_Packet.h">
      <Filter>common\Packets</Filter>
    </ClInclude>
    <ClInclude Include="..\..\source\common\Packets\EmuPackets\Emu_CancelClientTransfer_Packet.h">
      <Filter>common\Packets</Filter>
    </ClInclude>
    <ClInclude Include="..\..\source\ZoneServer\Packets\OP_RequestCampMsg.h">
      <Filter>source\Packets\Client-&gt;Server</Filter>
    </ClInclude>
    <ClInclude Include="..\..\source\ZoneServer\Packets\OP_CampStartedMsg_Packet.h">
      <Filter>source\Packets\Server-&gt;Client</Filter>
    </ClInclude>
    <ClInclude Include="..\..\source\ZoneServer\Packets\OP_StoodMsg_Packet.h">
      <Filter>source\Packets\Client-&gt;Server</Filter>
    </ClInclude>
    <ClInclude Include="..\..\source\ZoneServer\Packets\OP_CampAbortedMsg_Packet.h">
      <Filter>source\Packets\Server-&gt;Client</Filter>
    </ClInclude>
    <ClInclude Include="..\..\source\ZoneServer\Packets\OP_BioUpdateMsg_Packet.h">
      <Filter>common\Packets\EQ2Packets</Filter>
    </ClInclude>
    <ClInclude Include="..\..\source\ZoneServer\Spawns\SpawnLocation.h">
      <Filter>source\Spawns</Filter>
    </ClInclude>
    <ClInclude Include="..\..\source\ZoneServer\Packets\OP_UpdateTitleCmd_Packet.h">
      <Filter>source\Packets\Server-&gt;Client</Filter>
    </ClInclude>
    <ClInclude Include="..\..\source\ZoneServer\Packets\OP_EqCannedEmoteCmd_Packet.h">
      <Filter>source\Packets\Server-&gt;Client</Filter>
    </ClInclude>
    <ClInclude Include="..\..\source\ZoneServer\Spawns\EntityCommands.h">
      <Filter>source\Spawns</Filter>
    </ClInclude>
    <ClInclude Include="..\..\source\Lua\lapi.h">
      <Filter>Lua</Filter>
    </ClInclude>
    <ClInclude Include="..\..\source\Lua\lauxlib.h">
      <Filter>Lua</Filter>
    </ClInclude>
    <ClInclude Include="..\..\source\Lua\lcode.h">
      <Filter>Lua</Filter>
    </ClInclude>
    <ClInclude Include="..\..\source\Lua\lctype.h">
      <Filter>Lua</Filter>
    </ClInclude>
    <ClInclude Include="..\..\source\Lua\ldebug.h">
      <Filter>Lua</Filter>
    </ClInclude>
    <ClInclude Include="..\..\source\Lua\ldo.h">
      <Filter>Lua</Filter>
    </ClInclude>
    <ClInclude Include="..\..\source\Lua\lfunc.h">
      <Filter>Lua</Filter>
    </ClInclude>
    <ClInclude Include="..\..\source\Lua\lgc.h">
      <Filter>Lua</Filter>
    </ClInclude>
    <ClInclude Include="..\..\source\Lua\llex.h">
      <Filter>Lua</Filter>
    </ClInclude>
    <ClInclude Include="..\..\source\Lua\llimits.h">
      <Filter>Lua</Filter>
    </ClInclude>
    <ClInclude Include="..\..\source\Lua\lmem.h">
      <Filter>Lua</Filter>
    </ClInclude>
    <ClInclude Include="..\..\source\Lua\lobject.h">
      <Filter>Lua</Filter>
    </ClInclude>
    <ClInclude Include="..\..\source\Lua\lopcodes.h">
      <Filter>Lua</Filter>
    </ClInclude>
    <ClInclude Include="..\..\source\Lua\lparser.h">
      <Filter>Lua</Filter>
    </ClInclude>
    <ClInclude Include="..\..\source\Lua\lprefix.h">
      <Filter>Lua</Filter>
    </ClInclude>
    <ClInclude Include="..\..\source\Lua\lstate.h">
      <Filter>Lua</Filter>
    </ClInclude>
    <ClInclude Include="..\..\source\Lua\lstring.h">
      <Filter>Lua</Filter>
    </ClInclude>
    <ClInclude Include="..\..\source\Lua\ltable.h">
      <Filter>Lua</Filter>
    </ClInclude>
    <ClInclude Include="..\..\source\Lua\ltm.h">
      <Filter>Lua</Filter>
    </ClInclude>
    <ClInclude Include="..\..\source\Lua\lua.h">
      <Filter>Lua</Filter>
    </ClInclude>
    <ClInclude Include="..\..\source\Lua\lua.hpp">
      <Filter>Lua</Filter>
    </ClInclude>
    <ClInclude Include="..\..\source\Lua\luaconf.h">
      <Filter>Lua</Filter>
    </ClInclude>
    <ClInclude Include="..\..\source\Lua\lualib.h">
      <Filter>Lua</Filter>
    </ClInclude>
    <ClInclude Include="..\..\source\Lua\lundump.h">
      <Filter>Lua</Filter>
    </ClInclude>
    <ClInclude Include="..\..\source\Lua\lvm.h">
      <Filter>Lua</Filter>
    </ClInclude>
    <ClInclude Include="..\..\source\Lua\lzio.h">
      <Filter>Lua</Filter>
    </ClInclude>
    <ClInclude Include="..\..\source\ZoneServer\Lua\LuaUserData.h">
      <Filter>source\Lua</Filter>
    </ClInclude>
    <ClInclude Include="..\..\source\ZoneServer\Lua\LuaInterface.h">
      <Filter>source\Lua</Filter>
    </ClInclude>
    <ClInclude Include="..\..\source\ZoneServer\ZoneServer\MasterZoneLookup.h">
      <Filter>source\ZoneServer</Filter>
    </ClInclude>
    <ClInclude Include="..\..\source\ZoneServer\Spawns\SpawnGroupList.h">
      <Filter>source\Spawns</Filter>
    </ClInclude>
    <ClInclude Include="..\..\source\ZoneServer\Lua\LuaGlobals.h">
      <Filter>source\Lua</Filter>
    </ClInclude>
    <ClInclude Include="..\..\source\ZoneServer\Lua\LuaFunctions.h">
      <Filter>source\Lua</Filter>
    </ClInclude>
    <ClInclude Include="..\..\source\ZoneServer\Lua\LuaChatFunctions.h">
      <Filter>source\Lua</Filter>
    </ClInclude>
    <ClInclude Include="..\..\source\ZoneServer\Lua\LuaSpawnFunctions.h">
      <Filter>source\Lua</Filter>
    </ClInclude>
    <ClInclude Include="..\..\source\ZoneServer\Packets\OP_DialogCloseMsg_Packet.h">
      <Filter>source\Packets\Server-&gt;Client</Filter>
    </ClInclude>
    <ClInclude Include="..\..\source\ZoneServer\Packets\OP_DialogSelectMsg_Packet.h">
      <Filter>source\Packets\Client-&gt;Server</Filter>
    </ClInclude>
    <ClInclude Include="..\..\source\ZoneServer\Packets\OP_HearPlayFlavorCmd_Packet - Copy.h">
      <Filter>source\Packets\Server-&gt;Client</Filter>
    </ClInclude>
  </ItemGroup>
</Project>