<?xml version="1.0" encoding="utf-8"?>
<Project ToolsVersion="4.0" xmlns="http://schemas.microsoft.com/developer/msbuild/2003">
  <ItemGroup>
    <Filter Include="source">
      <UniqueIdentifier>{3a9da80b-ab05-4e47-81c1-fdf191272107}</UniqueIdentifier>
    </Filter>
    <Filter Include="source\WorldTalk">
      <UniqueIdentifier>{68100850-f8b6-4b9d-89b7-eda60e8bbf61}</UniqueIdentifier>
    </Filter>
    <Filter Include="common">
      <UniqueIdentifier>{9e0c3040-f7ad-4b9f-9423-c58c5cfa3b75}</UniqueIdentifier>
    </Filter>
    <Filter Include="common\Packets">
      <UniqueIdentifier>{0a4bb690-feaa-44cb-809d-455469a37bd9}</UniqueIdentifier>
    </Filter>
    <Filter Include="common\Packets\PacketElements">
      <UniqueIdentifier>{d60e0fdd-bb1f-45be-adc0-db6cd253937a}</UniqueIdentifier>
    </Filter>
    <Filter Include="common\Packets\ProtocolPackets">
      <UniqueIdentifier>{deb47341-2a1d-4036-a1a0-d0c5664c519b}</UniqueIdentifier>
    </Filter>
    <Filter Include="common\Packets\EQ2Packets">
      <UniqueIdentifier>{fd5193cb-9149-41a7-816e-e19f20e1120e}</UniqueIdentifier>
    </Filter>
    <Filter Include="common\Classes">
      <UniqueIdentifier>{350f215d-2d88-4a12-993c-b9645b37861e}</UniqueIdentifier>
    </Filter>
    <Filter Include="source\ZoneServer">
      <UniqueIdentifier>{fad06a55-f7cc-41cf-88fd-c61f283ac1eb}</UniqueIdentifier>
    </Filter>
    <Filter Include="source\Database">
      <UniqueIdentifier>{514400ff-7631-42c4-ac70-6ee19f14fc93}</UniqueIdentifier>
    </Filter>
    <Filter Include="source\Packets">
      <UniqueIdentifier>{99547215-8e34-4224-868f-6438ecb05dd6}</UniqueIdentifier>
    </Filter>
    <Filter Include="source\Packets\Client-&gt;Server">
      <UniqueIdentifier>{436e69bc-5c2b-498b-b864-9b302be48470}</UniqueIdentifier>
    </Filter>
    <Filter Include="source\Spawns">
      <UniqueIdentifier>{8b9d8440-f2c3-4b10-87e1-40c8ce9add58}</UniqueIdentifier>
    </Filter>
  </ItemGroup>
  <ItemGroup>
    <ClCompile Include="..\..\source\ZoneServer\main.cpp">
      <Filter>source</Filter>
    </ClCompile>
    <ClCompile Include="stdafx.cpp">
      <Filter>source</Filter>
    </ClCompile>
    <ClCompile Include="..\..\source\ZoneServer\WorldTalk\WorldTalk.cpp">
      <Filter>source\WorldTalk</Filter>
    </ClCompile>
    <ClCompile Include="..\..\source\ZoneServer\WorldTalk\WorldStream.cpp">
      <Filter>source\WorldTalk</Filter>
    </ClCompile>
    <ClCompile Include="..\..\source\common\ConfigReader.cpp">
      <Filter>common</Filter>
    </ClCompile>
    <ClCompile Include="..\..\source\common\CRC16.cpp">
      <Filter>common</Filter>
    </ClCompile>
    <ClCompile Include="..\..\source\common\Crypto.cpp">
      <Filter>common</Filter>
    </ClCompile>
    <ClCompile Include="..\..\source\common\database-result.cpp">
      <Filter>common</Filter>
    </ClCompile>
    <ClCompile Include="..\..\source\common\database.cpp">
      <Filter>common</Filter>
    </ClCompile>
    <ClCompile Include="..\..\source\common\EmuStream.cpp">
      <Filter>common</Filter>
    </ClCompile>
    <ClCompile Include="..\..\source\common\EQ2Stream.cpp">
      <Filter>common</Filter>
    </ClCompile>
    <ClCompile Include="..\..\source\common\io.cpp">
      <Filter>common</Filter>
    </ClCompile>
    <ClCompile Include="..\..\source\common\log.cpp">
      <Filter>common</Filter>
    </ClCompile>
    <ClCompile Include="..\..\source\common\Mutex.cpp">
      <Filter>common</Filter>
    </ClCompile>
    <ClCompile Include="..\..\source\common\RC4.cpp">
      <Filter>common</Filter>
    </ClCompile>
    <ClCompile Include="..\..\source\common\Server.cpp">
      <Filter>common</Filter>
    </ClCompile>
    <ClCompile Include="..\..\source\common\stdio.cpp">
      <Filter>common</Filter>
    </ClCompile>
    <ClCompile Include="..\..\source\common\Stream.cpp">
      <Filter>common</Filter>
    </ClCompile>
    <ClCompile Include="..\..\source\common\string.cpp">
      <Filter>common</Filter>
    </ClCompile>
    <ClCompile Include="..\..\source\common\TCPServer.cpp">
      <Filter>common</Filter>
    </ClCompile>
    <ClCompile Include="..\..\source\common\thread.cpp">
      <Filter>common</Filter>
    </ClCompile>
    <ClCompile Include="..\..\source\common\time.cpp">
      <Filter>common</Filter>
    </ClCompile>
    <ClCompile Include="..\..\source\common\timer.cpp">
      <Filter>common</Filter>
    </ClCompile>
    <ClCompile Include="..\..\source\common\UDPServer.cpp">
      <Filter>common</Filter>
    </ClCompile>
    <ClCompile Include="..\..\source\common\util.cpp">
      <Filter>common</Filter>
    </ClCompile>
    <ClCompile Include="..\..\source\common\EmuPacket.cpp">
      <Filter>common</Filter>
    </ClCompile>
    <ClCompile Include="..\..\source\common\Packets\EQ2Packet.cpp">
      <Filter>common\Packets</Filter>
    </ClCompile>
    <ClCompile Include="..\..\source\common\Packets\ProtocolPacket.cpp">
      <Filter>common\Packets</Filter>
    </ClCompile>
    <ClCompile Include="..\..\source\common\EmuOpcodes.cpp">
      <Filter>common\Packets</Filter>
    </ClCompile>
    <ClCompile Include="..\..\source\common\Packets\PacketElements\PacketCriteria.cpp">
      <Filter>common\Packets\PacketElements</Filter>
    </ClCompile>
    <ClCompile Include="..\..\source\common\Packets\EQ2Packets\CommonPackets.cpp">
      <Filter>common\Packets\EQ2Packets</Filter>
    </ClCompile>
    <ClCompile Include="..\..\source\common\Packets\EQ2Packets\OpcodeManager.cpp">
      <Filter>common\Packets\EQ2Packets</Filter>
    </ClCompile>
    <ClCompile Include="..\..\source\common\Classes.cpp">
      <Filter>common\Classes</Filter>
    </ClCompile>
    <ClCompile Include="..\..\source\ZoneServer\Database\ZoneDatabase.cpp">
      <Filter>source\Database</Filter>
    </ClCompile>
    <ClCompile Include="..\..\source\ZoneServer\ZoneServer\Client.cpp">
      <Filter>source\ZoneServer</Filter>
    </ClCompile>
    <ClCompile Include="..\..\source\ZoneServer\Packets\ZoneServerPackets.cpp">
      <Filter>source\Packets</Filter>
    </ClCompile>
    <ClCompile Include="..\..\source\ZoneServer\Spawns\Entity.cpp">
      <Filter>source\Spawns</Filter>
    </ClCompile>
    <ClCompile Include="..\..\source\ZoneServer\Spawns\Object.cpp">
      <Filter>source\Spawns</Filter>
    </ClCompile>
    <ClCompile Include="..\..\source\ZoneServer\Spawns\Sign.cpp">
      <Filter>source\Spawns</Filter>
    </ClCompile>
    <ClCompile Include="..\..\source\ZoneServer\Spawns\Spawn.cpp">
      <Filter>source\Spawns</Filter>
    </ClCompile>
    <ClCompile Include="..\..\source\ZoneServer\Spawns\Widget.cpp">
      <Filter>source\Spawns</Filter>
    </ClCompile>
  </ItemGroup>
  <ItemGroup>
    <ClInclude Include="..\..\source\ZoneServer\WorldTalk\WorldTalk.h">
      <Filter>source\WorldTalk</Filter>
    </ClInclude>
    <ClInclude Include="..\..\source\ZoneServer\WorldTalk\WorldStream.h">
      <Filter>source\WorldTalk</Filter>
    </ClInclude>
    <ClInclude Include="stdafx.h">
      <Filter>source</Filter>
    </ClInclude>
    <ClInclude Include="..\..\source\common\ConfigReader.h">
      <Filter>common</Filter>
    </ClInclude>
    <ClInclude Include="..\..\source\common\CRC16.h">
      <Filter>common</Filter>
    </ClInclude>
    <ClInclude Include="..\..\source\common\Crypto.h">
      <Filter>common</Filter>
    </ClInclude>
    <ClInclude Include="..\..\source\common\database-result.h">
      <Filter>common</Filter>
    </ClInclude>
    <ClInclude Include="..\..\source\common\database.h">
      <Filter>common</Filter>
    </ClInclude>
    <ClInclude Include="..\..\source\common\EmuStream.h">
      <Filter>common</Filter>
    </ClInclude>
    <ClInclude Include="..\..\source\common\EQ2Stream.h">
      <Filter>common</Filter>
    </ClInclude>
    <ClInclude Include="..\..\source\common\io.h">
      <Filter>common</Filter>
    </ClInclude>
    <ClInclude Include="..\..\source\common\log.h">
      <Filter>common</Filter>
    </ClInclude>
    <ClInclude Include="..\..\source\common\Mutex.h">
      <Filter>common</Filter>
    </ClInclude>
    <ClInclude Include="..\..\source\common\RC4.h">
      <Filter>common</Filter>
    </ClInclude>
    <ClInclude Include="..\..\source\common\Server.h">
      <Filter>common</Filter>
    </ClInclude>
    <ClInclude Include="..\..\source\common\TCPServer.h">
      <Filter>common</Filter>
    </ClInclude>
    <ClInclude Include="..\..\source\common\UDPServer.h">
      <Filter>common</Filter>
    </ClInclude>
    <ClInclude Include="..\..\source\common\stdio.h">
      <Filter>common</Filter>
    </ClInclude>
    <ClInclude Include="..\..\source\common\Stream.h">
      <Filter>common</Filter>
    </ClInclude>
    <ClInclude Include="..\..\source\common\string.h">
      <Filter>common</Filter>
    </ClInclude>
    <ClInclude Include="..\..\source\common\thread.h">
      <Filter>common</Filter>
    </ClInclude>
    <ClInclude Include="..\..\source\common\time.h">
      <Filter>common</Filter>
    </ClInclude>
    <ClInclude Include="..\..\source\common\timer.h">
      <Filter>common</Filter>
    </ClInclude>
    <ClInclude Include="..\..\source\common\util.h">
      <Filter>common</Filter>
    </ClInclude>
    <ClInclude Include="..\..\source\common\version.h">
      <Filter>common</Filter>
    </ClInclude>
    <ClInclude Include="..\..\source\common\EmuPacket.h">
      <Filter>common</Filter>
    </ClInclude>
    <ClInclude Include="..\..\source\common\EmuOpcodes.h">
      <Filter>common</Filter>
    </ClInclude>
    <ClInclude Include="..\..\source\common\Packets\EQ2Packet.h">
      <Filter>common\Packets</Filter>
    </ClInclude>
    <ClInclude Include="..\..\source\common\Packets\Packet.h">
      <Filter>common\Packets</Filter>
    </ClInclude>
    <ClInclude Include="..\..\source\common\Packets\PacketElement.h">
      <Filter>common\Packets</Filter>
    </ClInclude>
    <ClInclude Include="..\..\source\common\Packets\ProtocolPacket.h">
      <Filter>common\Packets</Filter>
    </ClInclude>
    <ClInclude Include="..\..\source\common\Packets\PacketElements\Packet16String.h">
      <Filter>common\Packets\PacketElements</Filter>
    </ClInclude>
    <ClInclude Include="..\..\source\common\Packets\PacketElements\Packet32String .h">
      <Filter>common\Packets\PacketElements</Filter>
    </ClInclude>
    <ClInclude Include="..\..\source\common\Packets\PacketElements\Packet8String.h">
      <Filter>common\Packets\PacketElements</Filter>
    </ClInclude>
    <ClInclude Include="..\..\source\common\Packets\PacketElements\PacketArray.h">
      <Filter>common\Packets\PacketElements</Filter>
    </ClInclude>
    <ClInclude Include="..\..\source\common\Packets\PacketElements\PacketCriteria.h">
      <Filter>common\Packets\PacketElements</Filter>
    </ClInclude>
    <ClInclude Include="..\..\source\common\Packets\PacketElements\PacketElements.h">
      <Filter>common\Packets\PacketElements</Filter>
    </ClInclude>
    <ClInclude Include="..\..\source\common\Packets\PacketElements\PacketEQ2Color.h">
      <Filter>common\Packets\PacketElements</Filter>
    </ClInclude>
    <ClInclude Include="..\..\source\common\Packets\PacketElements\PacketEQ2EquipmentItem.h">
      <Filter>common\Packets\PacketElements</Filter>
    </ClInclude>
    <ClInclude Include="..\..\source\common\Packets\PacketElements\PacketInt16.h">
      <Filter>common\Packets\PacketElements</Filter>
    </ClInclude>
    <ClInclude Include="..\..\source\common\Packets\PacketElements\PacketInt32.h">
      <Filter>common\Packets\PacketElements</Filter>
    </ClInclude>
    <ClInclude Include="..\..\source\common\Packets\PacketElements\PacketInt64.h">
      <Filter>common\Packets\PacketElements</Filter>
    </ClInclude>
    <ClInclude Include="..\..\source\common\Packets\PacketElements\PacketInt8.h">
      <Filter>common\Packets\PacketElements</Filter>
    </ClInclude>
    <ClInclude Include="..\..\source\common\Packets\PacketElements\PacketOversizedByte.h">
      <Filter>common\Packets\PacketElements</Filter>
    </ClInclude>
    <ClInclude Include="..\..\source\common\Packets\PacketElements\PacketSubstruct.h">
      <Filter>common\Packets\PacketElements</Filter>
    </ClInclude>
    <ClInclude Include="..\..\source\common\Packets\PacketElements\PacketUInt16.h">
      <Filter>common\Packets\PacketElements</Filter>
    </ClInclude>
    <ClInclude Include="..\..\source\common\Packets\PacketElements\PacketUInt32.h">
      <Filter>common\Packets\PacketElements</Filter>
    </ClInclude>
    <ClInclude Include="..\..\source\common\Packets\PacketElements\PacketUInt64.h">
      <Filter>common\Packets\PacketElements</Filter>
    </ClInclude>
    <ClInclude Include="..\..\source\common\Packets\PacketElements\PacketUInt8.h">
      <Filter>common\Packets\PacketElements</Filter>
    </ClInclude>
    <ClInclude Include="..\..\source\common\Packets\PacketElements\PacketBool.h">
      <Filter>common\Packets\PacketElements</Filter>
    </ClInclude>
    <ClInclude Include="..\..\source\common\Packets\PacketElements\PacketDouble.h">
      <Filter>common\Packets\PacketElements</Filter>
    </ClInclude>
    <ClInclude Include="..\..\source\common\Packets\PacketElements\PacketFloat.h">
      <Filter>common\Packets\PacketElements</Filter>
    </ClInclude>
    <ClInclude Include="..\..\source\common\Packets\ProtocolPackets\OP_Ack_Packet.h">
      <Filter>common\Packets\ProtocolPackets</Filter>
    </ClInclude>
    <ClInclude Include="..\..\source\common\Packets\ProtocolPackets\OP_AppCombined_Packet.h">
      <Filter>common\Packets\ProtocolPackets</Filter>
    </ClInclude>
    <ClInclude Include="..\..\source\common\Packets\ProtocolPackets\OP_ClientSessionUpdate_Packet.h">
      <Filter>common\Packets\ProtocolPackets</Filter>
    </ClInclude>
    <ClInclude Include="..\..\source\common\Packets\ProtocolPackets\OP_KeepAlive_Packet.h">
      <Filter>common\Packets\ProtocolPackets</Filter>
    </ClInclude>
    <ClInclude Include="..\..\source\common\Packets\ProtocolPackets\OP_Packet_Packet.h">
      <Filter>common\Packets\ProtocolPackets</Filter>
    </ClInclude>
    <ClInclude Include="..\..\source\common\Packets\ProtocolPackets\OP_ServerSessionUpdate_Packet.h">
      <Filter>common\Packets\ProtocolPackets</Filter>
    </ClInclude>
    <ClInclude Include="..\..\source\common\Packets\ProtocolPackets\OP_SessionDisconnect_Packet.h">
      <Filter>common\Packets\ProtocolPackets</Filter>
    </ClInclude>
    <ClInclude Include="..\..\source\common\Packets\ProtocolPackets\OP_SessionRequest_Packet.h">
      <Filter>common\Packets\ProtocolPackets</Filter>
    </ClInclude>
    <ClInclude Include="..\..\source\common\Packets\ProtocolPackets\OP_SessionResponse_Packet.h">
      <Filter>common\Packets\ProtocolPackets</Filter>
    </ClInclude>
    <ClInclude Include="..\..\source\common\Packets\ProtocolPackets\ProtocolPackets.h">
      <Filter>common\Packets\ProtocolPackets</Filter>
    </ClInclude>
    <ClInclude Include="..\..\source\common\Packets\EQ2Packets\OpcodeManager.h">
      <Filter>common\Packets\EQ2Packets</Filter>
    </ClInclude>
    <ClInclude Include="..\..\source\common\Packets\EQ2Packets\OP_KeyRequest_Packet.h">
      <Filter>common\Packets\EQ2Packets</Filter>
    </ClInclude>
    <ClInclude Include="..\..\source\common\Packets\EQ2Packets\OP_LoginReplyMsg_Packet.h">
      <Filter>common\Packets\EQ2Packets</Filter>
    </ClInclude>
    <ClInclude Include="..\..\source\common\Classes.h">
      <Filter>common\Classes</Filter>
    </ClInclude>
    <ClInclude Include="..\..\source\ZoneServer\ZoneServer\ZoneServer.h">
      <Filter>source\ZoneServer</Filter>
    </ClInclude>
    <ClInclude Include="..\..\source\ZoneServer\Database\ZoneDatabase.h">
      <Filter>source\Database</Filter>
    </ClInclude>
    <ClInclude Include="..\..\source\ZoneServer\ZoneServer\Client.h">
      <Filter>source\ZoneServer</Filter>
    </ClInclude>
    <ClInclude Include="..\..\source\ZoneServer\Packets\OP_LoginByNumRequestMsg_Packet.h">
      <Filter>source\Packets\Client-&gt;Server</Filter>
    </ClInclude>
    <ClInclude Include="..\..\source\ZoneServer\Spawns\Entity.h">
      <Filter>source\Spawns</Filter>
    </ClInclude>
    <ClInclude Include="..\..\source\ZoneServer\Spawns\Object.h">
      <Filter>source\Spawns</Filter>
    </ClInclude>
    <ClInclude Include="..\..\source\ZoneServer\Spawns\Sign.h">
      <Filter>source\Spawns</Filter>
    </ClInclude>
    <ClInclude Include="..\..\source\ZoneServer\Spawns\Spawn.h">
      <Filter>source\Spawns</Filter>
    </ClInclude>
    <ClInclude Include="..\..\source\ZoneServer\Spawns\SpawnStructs.h">
      <Filter>source\Spawns</Filter>
    </ClInclude>
    <ClInclude Include="..\..\source\ZoneServer\Spawns\Widget.h">
      <Filter>source\Spawns</Filter>
    </ClInclude>
  </ItemGroup>
</Project>